// !$*UTF8*$!
{
	archiveVersion = 1;
	classes = {
	};
	objectVersion = 46;
	objects = {

/* Begin PBXBuildFile section */
		CB46FE71191DCBAC00D327B3 /* Foundation.framework in Frameworks */ = {isa = PBXBuildFile; fileRef = CB46FE70191DCBAC00D327B3 /* Foundation.framework */; };
		CB46FE73191DCBAC00D327B3 /* CoreGraphics.framework in Frameworks */ = {isa = PBXBuildFile; fileRef = CB46FE72191DCBAC00D327B3 /* CoreGraphics.framework */; };
		CB46FE75191DCBAC00D327B3 /* UIKit.framework in Frameworks */ = {isa = PBXBuildFile; fileRef = CB46FE74191DCBAC00D327B3 /* UIKit.framework */; };
		CB46FE7B191DCBAD00D327B3 /* InfoPlist.strings in Resources */ = {isa = PBXBuildFile; fileRef = CB46FE79191DCBAD00D327B3 /* InfoPlist.strings */; };
		CB46FE7D191DCBAD00D327B3 /* main.m in Sources */ = {isa = PBXBuildFile; fileRef = CB46FE7C191DCBAD00D327B3 /* main.m */; };
		CB46FE81191DCBAD00D327B3 /* AppDelegate.m in Sources */ = {isa = PBXBuildFile; fileRef = CB46FE80191DCBAD00D327B3 /* AppDelegate.m */; };
		CB46FE84191DCBAD00D327B3 /* Main.storyboard in Resources */ = {isa = PBXBuildFile; fileRef = CB46FE82191DCBAD00D327B3 /* Main.storyboard */; };
		CB46FE87191DCBAD00D327B3 /* ViewController.m in Sources */ = {isa = PBXBuildFile; fileRef = CB46FE86191DCBAD00D327B3 /* ViewController.m */; };
		CB46FE89191DCBAD00D327B3 /* Images.xcassets in Resources */ = {isa = PBXBuildFile; fileRef = CB46FE88191DCBAD00D327B3 /* Images.xcassets */; };
		CB46FE90191DCBAD00D327B3 /* XCTest.framework in Frameworks */ = {isa = PBXBuildFile; fileRef = CB46FE8F191DCBAD00D327B3 /* XCTest.framework */; };
		CB46FE91191DCBAD00D327B3 /* Foundation.framework in Frameworks */ = {isa = PBXBuildFile; fileRef = CB46FE70191DCBAC00D327B3 /* Foundation.framework */; };
		CB46FE92191DCBAD00D327B3 /* UIKit.framework in Frameworks */ = {isa = PBXBuildFile; fileRef = CB46FE74191DCBAC00D327B3 /* UIKit.framework */; };
		CB46FE9A191DCBAD00D327B3 /* InfoPlist.strings in Resources */ = {isa = PBXBuildFile; fileRef = CB46FE98191DCBAD00D327B3 /* InfoPlist.strings */; };
		CB46FE9C191DCBAD00D327B3 /* PryDataPersistenceStepCrudSQLiteTests.m in Sources */ = {isa = PBXBuildFile; fileRef = CB46FE9B191DCBAD00D327B3 /* PryDataPersistenceStepCrudSQLiteTests.m */; };
/* End PBXBuildFile section */

/* Begin PBXContainerItemProxy section */
		CB46FE93191DCBAD00D327B3 /* PBXContainerItemProxy */ = {
			isa = PBXContainerItemProxy;
			containerPortal = CB46FE65191DCBAC00D327B3 /* Project object */;
			proxyType = 1;
			remoteGlobalIDString = CB46FE6C191DCBAC00D327B3;
			remoteInfo = PryDataPersistenceStepCrudSQLite;
		};
/* End PBXContainerItemProxy section */

/* Begin PBXFileReference section */
		CB46FE6D191DCBAC00D327B3 /* PryDataPersistenceStepCrudSQLite.app */ = {isa = PBXFileReference; explicitFileType = wrapper.application; includeInIndex = 0; path = PryDataPersistenceStepCrudSQLite.app; sourceTree = BUILT_PRODUCTS_DIR; };
		CB46FE70191DCBAC00D327B3 /* Foundation.framework */ = {isa = PBXFileReference; lastKnownFileType = wrapper.framework; name = Foundation.framework; path = System/Library/Frameworks/Foundation.framework; sourceTree = SDKROOT; };
		CB46FE72191DCBAC00D327B3 /* CoreGraphics.framework */ = {isa = PBXFileReference; lastKnownFileType = wrapper.framework; name = CoreGraphics.framework; path = System/Library/Frameworks/CoreGraphics.framework; sourceTree = SDKROOT; };
		CB46FE74191DCBAC00D327B3 /* UIKit.framework */ = {isa = PBXFileReference; lastKnownFileType = wrapper.framework; name = UIKit.framework; path = System/Library/Frameworks/UIKit.framework; sourceTree = SDKROOT; };
		CB46FE78191DCBAD00D327B3 /* PryDataPersistenceStepCrudSQLite-Info.plist */ = {isa = PBXFileReference; lastKnownFileType = text.plist.xml; path = "PryDataPersistenceStepCrudSQLite-Info.plist"; sourceTree = "<group>"; };
		CB46FE7A191DCBAD00D327B3 /* en */ = {isa = PBXFileReference; lastKnownFileType = text.plist.strings; name = en; path = en.lproj/InfoPlist.strings; sourceTree = "<group>"; };
		CB46FE7C191DCBAD00D327B3 /* main.m */ = {isa = PBXFileReference; lastKnownFileType = sourcecode.c.objc; path = main.m; sourceTree = "<group>"; };
		CB46FE7E191DCBAD00D327B3 /* PryDataPersistenceStepCrudSQLite-Prefix.pch */ = {isa = PBXFileReference; lastKnownFileType = sourcecode.c.h; path = "PryDataPersistenceStepCrudSQLite-Prefix.pch"; sourceTree = "<group>"; };
		CB46FE7F191DCBAD00D327B3 /* AppDelegate.h */ = {isa = PBXFileReference; lastKnownFileType = sourcecode.c.h; path = AppDelegate.h; sourceTree = "<group>"; };
		CB46FE80191DCBAD00D327B3 /* AppDelegate.m */ = {isa = PBXFileReference; lastKnownFileType = sourcecode.c.objc; path = AppDelegate.m; sourceTree = "<group>"; };
		CB46FE83191DCBAD00D327B3 /* Base */ = {isa = PBXFileReference; lastKnownFileType = file.storyboard; name = Base; path = Base.lproj/Main.storyboard; sourceTree = "<group>"; };
		CB46FE85191DCBAD00D327B3 /* ViewController.h */ = {isa = PBXFileReference; lastKnownFileType = sourcecode.c.h; path = ViewController.h; sourceTree = "<group>"; };
		CB46FE86191DCBAD00D327B3 /* ViewController.m */ = {isa = PBXFileReference; lastKnownFileType = sourcecode.c.objc; path = ViewController.m; sourceTree = "<group>"; };
		CB46FE88191DCBAD00D327B3 /* Images.xcassets */ = {isa = PBXFileReference; lastKnownFileType = folder.assetcatalog; path = Images.xcassets; sourceTree = "<group>"; };
		CB46FE8E191DCBAD00D327B3 /* PryDataPersistenceStepCrudSQLiteTests.xctest */ = {isa = PBXFileReference; explicitFileType = wrapper.cfbundle; includeInIndex = 0; path = PryDataPersistenceStepCrudSQLiteTests.xctest; sourceTree = BUILT_PRODUCTS_DIR; };
		CB46FE8F191DCBAD00D327B3 /* XCTest.framework */ = {isa = PBXFileReference; lastKnownFileType = wrapper.framework; name = XCTest.framework; path = Library/Frameworks/XCTest.framework; sourceTree = DEVELOPER_DIR; };
		CB46FE97191DCBAD00D327B3 /* PryDataPersistenceStepCrudSQLiteTests-Info.plist */ = {isa = PBXFileReference; lastKnownFileType = text.plist.xml; path = "PryDataPersistenceStepCrudSQLiteTests-Info.plist"; sourceTree = "<group>"; };
		CB46FE99191DCBAD00D327B3 /* en */ = {isa = PBXFileReference; lastKnownFileType = text.plist.strings; name = en; path = en.lproj/InfoPlist.strings; sourceTree = "<group>"; };
		CB46FE9B191DCBAD00D327B3 /* PryDataPersistenceStepCrudSQLiteTests.m */ = {isa = PBXFileReference; lastKnownFileType = sourcecode.c.objc; path = PryDataPersistenceStepCrudSQLiteTests.m; sourceTree = "<group>"; };
/* End PBXFileReference section */

/* Begin PBXFrameworksBuildPhase section */
		CB46FE6A191DCBAC00D327B3 /* Frameworks */ = {
			isa = PBXFrameworksBuildPhase;
			buildActionMask = 2147483647;
			files = (
				CB46FE73191DCBAC00D327B3 /* CoreGraphics.framework in Frameworks */,
				CB46FE75191DCBAC00D327B3 /* UIKit.framework in Frameworks */,
				CB46FE71191DCBAC00D327B3 /* Foundation.framework in Frameworks */,
			);
			runOnlyForDeploymentPostprocessing = 0;
		};
		CB46FE8B191DCBAD00D327B3 /* Frameworks */ = {
			isa = PBXFrameworksBuildPhase;
			buildActionMask = 2147483647;
			files = (
				CB46FE90191DCBAD00D327B3 /* XCTest.framework in Frameworks */,
				CB46FE92191DCBAD00D327B3 /* UIKit.framework in Frameworks */,
				CB46FE91191DCBAD00D327B3 /* Foundation.framework in Frameworks */,
			);
			runOnlyForDeploymentPostprocessing = 0;
		};
/* End PBXFrameworksBuildPhase section */

/* Begin PBXGroup section */
		CB46FE64191DCBAC00D327B3 = {
			isa = PBXGroup;
			children = (
				CB46FE76191DCBAC00D327B3 /* PryDataPersistenceStepCrudSQLite */,
				CB46FE95191DCBAD00D327B3 /* PryDataPersistenceStepCrudSQLiteTests */,
				CB46FE6F191DCBAC00D327B3 /* Frameworks */,
				CB46FE6E191DCBAC00D327B3 /* Products */,
			);
			sourceTree = "<group>";
		};
		CB46FE6E191DCBAC00D327B3 /* Products */ = {
			isa = PBXGroup;
			children = (
				CB46FE6D191DCBAC00D327B3 /* PryDataPersistenceStepCrudSQLite.app */,
				CB46FE8E191DCBAD00D327B3 /* PryDataPersistenceStepCrudSQLiteTests.xctest */,
			);
			name = Products;
			sourceTree = "<group>";
		};
		CB46FE6F191DCBAC00D327B3 /* Frameworks */ = {
			isa = PBXGroup;
			children = (
				CB46FE70191DCBAC00D327B3 /* Foundation.framework */,
				CB46FE72191DCBAC00D327B3 /* CoreGraphics.framework */,
				CB46FE74191DCBAC00D327B3 /* UIKit.framework */,
				CB46FE8F191DCBAD00D327B3 /* XCTest.framework */,
			);
			name = Frameworks;
			sourceTree = "<group>";
		};
		CB46FE76191DCBAC00D327B3 /* PryDataPersistenceStepCrudSQLite */ = {
			isa = PBXGroup;
			children = (
				CB46FE7F191DCBAD00D327B3 /* AppDelegate.h */,
				CB46FE80191DCBAD00D327B3 /* AppDelegate.m */,
				CB46FE82191DCBAD00D327B3 /* Main.storyboard */,
				CB46FE85191DCBAD00D327B3 /* ViewController.h */,
				CB46FE86191DCBAD00D327B3 /* ViewController.m */,
				CB46FE88191DCBAD00D327B3 /* Images.xcassets */,
				CB46FE77191DCBAD00D327B3 /* Supporting Files */,
			);
			path = PryDataPersistenceStepCrudSQLite;
			sourceTree = "<group>";
		};
		CB46FE77191DCBAD00D327B3 /* Supporting Files */ = {
			isa = PBXGroup;
			children = (
				CB46FE78191DCBAD00D327B3 /* PryDataPersistenceStepCrudSQLite-Info.plist */,
				CB46FE79191DCBAD00D327B3 /* InfoPlist.strings */,
				CB46FE7C191DCBAD00D327B3 /* main.m */,
				CB46FE7E191DCBAD00D327B3 /* PryDataPersistenceStepCrudSQLite-Prefix.pch */,
			);
			name = "Supporting Files";
			sourceTree = "<group>";
		};
		CB46FE95191DCBAD00D327B3 /* PryDataPersistenceStepCrudSQLiteTests */ = {
			isa = PBXGroup;
			children = (
				CB46FE9B191DCBAD00D327B3 /* PryDataPersistenceStepCrudSQLiteTests.m */,
				CB46FE96191DCBAD00D327B3 /* Supporting Files */,
			);
			path = PryDataPersistenceStepCrudSQLiteTests;
			sourceTree = "<group>";
		};
		CB46FE96191DCBAD00D327B3 /* Supporting Files */ = {
			isa = PBXGroup;
			children = (
				CB46FE97191DCBAD00D327B3 /* PryDataPersistenceStepCrudSQLiteTests-Info.plist */,
				CB46FE98191DCBAD00D327B3 /* InfoPlist.strings */,
			);
			name = "Supporting Files";
			sourceTree = "<group>";
		};
/* End PBXGroup section */

/* Begin PBXNativeTarget section */
		CB46FE6C191DCBAC00D327B3 /* PryDataPersistenceStepCrudSQLite */ = {
			isa = PBXNativeTarget;
			buildConfigurationList = CB46FE9F191DCBAD00D327B3 /* Build configuration list for PBXNativeTarget "PryDataPersistenceStepCrudSQLite" */;
			buildPhases = (
				CB46FE69191DCBAC00D327B3 /* Sources */,
				CB46FE6A191DCBAC00D327B3 /* Frameworks */,
				CB46FE6B191DCBAC00D327B3 /* Resources */,
			);
			buildRules = (
			);
			dependencies = (
			);
			name = PryDataPersistenceStepCrudSQLite;
			productName = PryDataPersistenceStepCrudSQLite;
			productReference = CB46FE6D191DCBAC00D327B3 /* PryDataPersistenceStepCrudSQLite.app */;
			productType = "com.apple.product-type.application";
		};
		CB46FE8D191DCBAD00D327B3 /* PryDataPersistenceStepCrudSQLiteTests */ = {
			isa = PBXNativeTarget;
			buildConfigurationList = CB46FEA2191DCBAD00D327B3 /* Build configuration list for PBXNativeTarget "PryDataPersistenceStepCrudSQLiteTests" */;
			buildPhases = (
				CB46FE8A191DCBAD00D327B3 /* Sources */,
				CB46FE8B191DCBAD00D327B3 /* Frameworks */,
				CB46FE8C191DCBAD00D327B3 /* Resources */,
			);
			buildRules = (
			);
			dependencies = (
				CB46FE94191DCBAD00D327B3 /* PBXTargetDependency */,
			);
			name = PryDataPersistenceStepCrudSQLiteTests;
			productName = PryDataPersistenceStepCrudSQLiteTests;
			productReference = CB46FE8E191DCBAD00D327B3 /* PryDataPersistenceStepCrudSQLiteTests.xctest */;
			productType = "com.apple.product-type.bundle.unit-test";
		};
/* End PBXNativeTarget section */

/* Begin PBXProject section */
		CB46FE65191DCBAC00D327B3 /* Project object */ = {
			isa = PBXProject;
			attributes = {
				LastUpgradeCheck = 0510;
				ORGANIZATIONNAME = "Henry AT";
				TargetAttributes = {
					CB46FE8D191DCBAD00D327B3 = {
						TestTargetID = CB46FE6C191DCBAC00D327B3;
					};
				};
			};
			buildConfigurationList = CB46FE68191DCBAC00D327B3 /* Build configuration list for PBXProject "PryDataPersistenceStepCrudSQLite" */;
			compatibilityVersion = "Xcode 3.2";
			developmentRegion = English;
			hasScannedForEncodings = 0;
			knownRegions = (
				en,
				Base,
			);
			mainGroup = CB46FE64191DCBAC00D327B3;
			productRefGroup = CB46FE6E191DCBAC00D327B3 /* Products */;
			projectDirPath = "";
			projectRoot = "";
			targets = (
				CB46FE6C191DCBAC00D327B3 /* PryDataPersistenceStepCrudSQLite */,
				CB46FE8D191DCBAD00D327B3 /* PryDataPersistenceStepCrudSQLiteTests */,
			);
		};
/* End PBXProject section */

/* Begin PBXResourcesBuildPhase section */
		CB46FE6B191DCBAC00D327B3 /* Resources */ = {
			isa = PBXResourcesBuildPhase;
			buildActionMask = 2147483647;
			files = (
				CB46FE89191DCBAD00D327B3 /* Images.xcassets in Resources */,
				CB46FE7B191DCBAD00D327B3 /* InfoPlist.strings in Resources */,
				CB46FE84191DCBAD00D327B3 /* Main.storyboard in Resources */,
			);
			runOnlyForDeploymentPostprocessing = 0;
		};
		CB46FE8C191DCBAD00D327B3 /* Resources */ = {
			isa = PBXResourcesBuildPhase;
			buildActionMask = 2147483647;
			files = (
				CB46FE9A191DCBAD00D327B3 /* InfoPlist.strings in Resources */,
			);
			runOnlyForDeploymentPostprocessing = 0;
		};
/* End PBXResourcesBuildPhase section */

/* Begin PBXSourcesBuildPhase section */
		CB46FE69191DCBAC00D327B3 /* Sources */ = {
			isa = PBXSourcesBuildPhase;
			buildActionMask = 2147483647;
			files = (
				CB46FE87191DCBAD00D327B3 /* ViewController.m in Sources */,
				CB46FE81191DCBAD00D327B3 /* AppDelegate.m in Sources */,
				CB46FE7D191DCBAD00D327B3 /* main.m in Sources */,
			);
			runOnlyForDeploymentPostprocessing = 0;
		};
		CB46FE8A191DCBAD00D327B3 /* Sources */ = {
			isa = PBXSourcesBuildPhase;
			buildActionMask = 2147483647;
			files = (
				CB46FE9C191DCBAD00D327B3 /* PryDataPersistenceStepCrudSQLiteTests.m in Sources */,
			);
			runOnlyForDeploymentPostprocessing = 0;
		};
/* End PBXSourcesBuildPhase section */

/* Begin PBXTargetDependency section */
		CB46FE94191DCBAD00D327B3 /* PBXTargetDependency */ = {
			isa = PBXTargetDependency;
			target = CB46FE6C191DCBAC00D327B3 /* PryDataPersistenceStepCrudSQLite */;
			targetProxy = CB46FE93191DCBAD00D327B3 /* PBXContainerItemProxy */;
		};
/* End PBXTargetDependency section */

/* Begin PBXVariantGroup section */
		CB46FE79191DCBAD00D327B3 /* InfoPlist.strings */ = {
			isa = PBXVariantGroup;
			children = (
				CB46FE7A191DCBAD00D327B3 /* en */,
			);
			name = InfoPlist.strings;
			sourceTree = "<group>";
		};
		CB46FE82191DCBAD00D327B3 /* Main.storyboard */ = {
			isa = PBXVariantGroup;
			children = (
				CB46FE83191DCBAD00D327B3 /* Base */,
			);
			name = Main.storyboard;
			sourceTree = "<group>";
		};
		CB46FE98191DCBAD00D327B3 /* InfoPlist.strings */ = {
			isa = PBXVariantGroup;
			children = (
				CB46FE99191DCBAD00D327B3 /* en */,
			);
			name = InfoPlist.strings;
			sourceTree = "<group>";
		};
/* End PBXVariantGroup section */

/* Begin XCBuildConfiguration section */
		CB46FE9D191DCBAD00D327B3 /* Debug */ = {
			isa = XCBuildConfiguration;
			buildSettings = {
				ALWAYS_SEARCH_USER_PATHS = NO;
				CLANG_CXX_LANGUAGE_STANDARD = "gnu++0x";
				CLANG_CXX_LIBRARY = "libc++";
				CLANG_ENABLE_MODULES = YES;
				CLANG_ENABLE_OBJC_ARC = YES;
				CLANG_WARN_BOOL_CONVERSION = YES;
				CLANG_WARN_CONSTANT_CONVERSION = YES;
				CLANG_WARN_DIRECT_OBJC_ISA_USAGE = YES_ERROR;
				CLANG_WARN_EMPTY_BODY = YES;
				CLANG_WARN_ENUM_CONVERSION = YES;
				CLANG_WARN_INT_CONVERSION = YES;
				CLANG_WARN_OBJC_ROOT_CLASS = YES_ERROR;
				CLANG_WARN__DUPLICATE_METHOD_MATCH = YES;
				"CODE_SIGN_IDENTITY[sdk=iphoneos*]" = "iPhone Developer";
				COPY_PHASE_STRIP = NO;
				GCC_C_LANGUAGE_STANDARD = gnu99;
				GCC_DYNAMIC_NO_PIC = NO;
				GCC_OPTIMIZATION_LEVEL = 0;
				GCC_PREPROCESSOR_DEFINITIONS = (
					"DEBUG=1",
					"$(inherited)",
				);
				GCC_SYMBOLS_PRIVATE_EXTERN = NO;
				GCC_WARN_64_TO_32_BIT_CONVERSION = YES;
				GCC_WARN_ABOUT_RETURN_TYPE = YES_ERROR;
				GCC_WARN_UNDECLARED_SELECTOR = YES;
				GCC_WARN_UNINITIALIZED_AUTOS = YES_AGGRESSIVE;
				GCC_WARN_UNUSED_FUNCTION = YES;
				GCC_WARN_UNUSED_VARIABLE = YES;
				IPHONEOS_DEPLOYMENT_TARGET = 7.1;
				ONLY_ACTIVE_ARCH = YES;
				SDKROOT = iphoneos;
			};
			name = Debug;
		};
		CB46FE9E191DCBAD00D327B3 /* Release */ = {
			isa = XCBuildConfiguration;
			buildSettings = {
				ALWAYS_SEARCH_USER_PATHS = NO;
				CLANG_CXX_LANGUAGE_STANDARD = "gnu++0x";
				CLANG_CXX_LIBRARY = "libc++";
				CLANG_ENABLE_MODULES = YES;
				CLANG_ENABLE_OBJC_ARC = YES;
				CLANG_WARN_BOOL_CONVERSION = YES;
				CLANG_WARN_CONSTANT_CONVERSION = YES;
				CLANG_WARN_DIRECT_OBJC_ISA_USAGE = YES_ERROR;
				CLANG_WARN_EMPTY_BODY = YES;
				CLANG_WARN_ENUM_CONVERSION = YES;
				CLANG_WARN_INT_CONVERSION = YES;
				CLANG_WARN_OBJC_ROOT_CLASS = YES_ERROR;
				CLANG_WARN__DUPLICATE_METHOD_MATCH = YES;
				"CODE_SIGN_IDENTITY[sdk=iphoneos*]" = "iPhone Developer";
				COPY_PHASE_STRIP = YES;
				ENABLE_NS_ASSERTIONS = NO;
				GCC_C_LANGUAGE_STANDARD = gnu99;
				GCC_WARN_64_TO_32_BIT_CONVERSION = YES;
				GCC_WARN_ABOUT_RETURN_TYPE = YES_ERROR;
				GCC_WARN_UNDECLARED_SELECTOR = YES;
				GCC_WARN_UNINITIALIZED_AUTOS = YES_AGGRESSIVE;
				GCC_WARN_UNUSED_FUNCTION = YES;
				GCC_WARN_UNUSED_VARIABLE = YES;
				IPHONEOS_DEPLOYMENT_TARGET = 7.1;
				SDKROOT = iphoneos;
				VALIDATE_PRODUCT = YES;
			};
			name = Release;
		};
		CB46FEA0191DCBAD00D327B3 /* Debug */ = {
			isa = XCBuildConfiguration;
			buildSettings = {
				ASSETCATALOG_COMPILER_APPICON_NAME = AppIcon;
				ASSETCATALOG_COMPILER_LAUNCHIMAGE_NAME = LaunchImage;
				GCC_PRECOMPILE_PREFIX_HEADER = YES;
				GCC_PREFIX_HEADER = "PryDataPersistenceStepCrudSQLite/PryDataPersistenceStepCrudSQLite-Prefix.pch";
				INFOPLIST_FILE = "PryDataPersistenceStepCrudSQLite/PryDataPersistenceStepCrudSQLite-Info.plist";
				PRODUCT_NAME = "$(TARGET_NAME)";
				WRAPPER_EXTENSION = app;
			};
			name = Debug;
		};
		CB46FEA1191DCBAD00D327B3 /* Release */ = {
			isa = XCBuildConfiguration;
			buildSettings = {
				ASSETCATALOG_COMPILER_APPICON_NAME = AppIcon;
				ASSETCATALOG_COMPILER_LAUNCHIMAGE_NAME = LaunchImage;
				GCC_PRECOMPILE_PREFIX_HEADER = YES;
				GCC_PREFIX_HEADER = "PryDataPersistenceStepCrudSQLite/PryDataPersistenceStepCrudSQLite-Prefix.pch";
				INFOPLIST_FILE = "PryDataPersistenceStepCrudSQLite/PryDataPersistenceStepCrudSQLite-Info.plist";
				PRODUCT_NAME = "$(TARGET_NAME)";
				WRAPPER_EXTENSION = app;
			};
			name = Release;
		};
		CB46FEA3191DCBAD00D327B3 /* Debug */ = {
			isa = XCBuildConfiguration;
			buildSettings = {
				BUNDLE_LOADER = "$(BUILT_PRODUCTS_DIR)/PryDataPersistenceStepCrudSQLite.app/PryDataPersistenceStepCrudSQLite";
				FRAMEWORK_SEARCH_PATHS = (
					"$(SDKROOT)/Developer/Library/Frameworks",
					"$(inherited)",
					"$(DEVELOPER_FRAMEWORKS_DIR)",
				);
				GCC_PRECOMPILE_PREFIX_HEADER = YES;
				GCC_PREFIX_HEADER = "PryDataPersistenceStepCrudSQLite/PryDataPersistenceStepCrudSQLite-Prefix.pch";
				GCC_PREPROCESSOR_DEFINITIONS = (
					"DEBUG=1",
					"$(inherited)",
				);
				INFOPLIST_FILE = "PryDataPersistenceStepCrudSQLiteTests/PryDataPersistenceStepCrudSQLiteTests-Info.plist";
				PRODUCT_NAME = "$(TARGET_NAME)";
				TEST_HOST = "$(BUNDLE_LOADER)";
				WRAPPER_EXTENSION = xctest;
			};
			name = Debug;
		};
		CB46FEA4191DCBAD00D327B3 /* Release */ = {
			isa = XCBuildConfiguration;
			buildSettings = {
				BUNDLE_LOADER = "$(BUILT_PRODUCTS_DIR)/PryDataPersistenceStepCrudSQLite.app/PryDataPersistenceStepCrudSQLite";
				FRAMEWORK_SEARCH_PATHS = (
					"$(SDKROOT)/Developer/Library/Frameworks",
					"$(inherited)",
					"$(DEVELOPER_FRAMEWORKS_DIR)",
				);
				GCC_PRECOMPILE_PREFIX_HEADER = YES;
				GCC_PREFIX_HEADER = "PryDataPersistenceStepCrudSQLite/PryDataPersistenceStepCrudSQLite-Prefix.pch";
				INFOPLIST_FILE = "PryDataPersistenceStepCrudSQLiteTests/PryDataPersistenceStepCrudSQLiteTests-Info.plist";
				PRODUCT_NAME = "$(TARGET_NAME)";
				TEST_HOST = "$(BUNDLE_LOADER)";
				WRAPPER_EXTENSION = xctest;
			};
			name = Release;
		};
/* End XCBuildConfiguration section */

/* Begin XCConfigurationList section */
		CB46FE68191DCBAC00D327B3 /* Build configuration list for PBXProject "PryDataPersistenceStepCrudSQLite" */ = {
			isa = XCConfigurationList;
			buildConfigurations = (
				CB46FE9D191DCBAD00D327B3 /* Debug */,
				CB46FE9E191DCBAD00D327B3 /* Release */,
			);
			defaultConfigurationIsVisible = 0;
			defaultConfigurationName = Release;
		};
		CB46FE9F191DCBAD00D327B3 /* Build configuration list for PBXNativeTarget "PryDataPersistenceStepCrudSQLite" */ = {
			isa = XCConfigurationList;
			buildConfigurations = (
				CB46FEA0191DCBAD00D327B3 /* Debug */,
				CB46FEA1191DCBAD00D327B3 /* Release */,
			);
			defaultConfigurationIsVisible = 0;
		};
		CB46FEA2191DCBAD00D327B3 /* Build configuration list for PBXNativeTarget "PryDataPersistenceStepCrudSQLiteTests" */ = {
			isa = XCConfigurationList;
			buildConfigurations = (
				CB46FEA3191DCBAD00D327B3 /* Debug */,
				CB46FEA4191DCBAD00D327B3 /* Release */,
			);
			defaultConfigurationIsVisible = 0;
		};
/* End XCConfigurationList section */
	};
	rootObject = CB46FE65191DCBAC00D327B3 /* Project object */;
}
